
Microsoft Visual Studio Solution File, Format Version 12.00
# Visual Studio Version 16
VisualStudioVersion = 16.0.28315.86
MinimumVisualStudioVersion = 10.0.40219.1
Project("{2150E333-8FDC-42A3-9474-1A3956D46DE8}") = "Engine", "Engine", "{3C722CC5-F56E-4E81-96D0-0A0AB2839912}"
EndProject
Project("{2150E333-8FDC-42A3-9474-1A3956D46DE8}") = "Games", "Games", "{25954B71-84B6-4765-B198-ADCBCD07E116}"
EndProject
Project("{8BC9CEB8-8B4A-11D0-8D11-00A0C91BC942}") = "UE4", "Intermediate\ProjectFiles\UE4.vcxproj", "{27D562CC-EE89-4011-A35E-1595F317F618}"
EndProject
Project("{8BC9CEB8-8B4A-11D0-8D11-00A0C91BC942}") = "SpaceInvaders", "Intermediate\ProjectFiles\SpaceInvaders.vcxproj", "{336348A6-2737-4F59-AEC7-E33E75BC5101}"
EndProject
Project("{2150E333-8FDC-42A3-9474-1A3956D46DE8}") = "Visualizers", "Visualizers", "{3C434A77-2D05-49AC-9B73-FA60D81E094C}"
	ProjectSection(SolutionItems) = preProject
		..\..\..\..\..\Program Files\Epic Games\UE_4.24\Engine\Extras\VisualStudioDebugging\UE4.natvis = ..\..\..\..\..\Program Files\Epic Games\UE_4.24\Engine\Extras\VisualStudioDebugging\UE4.natvis
	EndProjectSection
EndProject
Global
	GlobalSection(SolutionConfigurationPlatforms) = preSolution
		DebugGame Editor|Win32 = DebugGame Editor|Win32
		DebugGame Editor|Win64 = DebugGame Editor|Win64
		DebugGame|Win32 = DebugGame|Win32
		DebugGame|Win64 = DebugGame|Win64
		Development Editor|Win32 = Development Editor|Win32
		Development Editor|Win64 = Development Editor|Win64
		Development|Win32 = Development|Win32
		Development|Win64 = Development|Win64
		Shipping|Win32 = Shipping|Win32
		Shipping|Win64 = Shipping|Win64
	EndGlobalSection
	GlobalSection(ProjectConfigurationPlatforms) = postSolution
		{27D562CC-EE89-4011-A35E-1595F317F618}.DebugGame Editor|Win32.ActiveCfg = BuiltWithUnrealBuildTool|Win32
		{27D562CC-EE89-4011-A35E-1595F317F618}.DebugGame Editor|Win64.ActiveCfg = BuiltWithUnrealBuildTool|Win32
		{27D562CC-EE89-4011-A35E-1595F317F618}.DebugGame|Win32.ActiveCfg = BuiltWithUnrealBuildTool|Win32
		{27D562CC-EE89-4011-A35E-1595F317F618}.DebugGame|Win64.ActiveCfg = BuiltWithUnrealBuildTool|Win32
		{27D562CC-EE89-4011-A35E-1595F317F618}.Development Editor|Win32.ActiveCfg = BuiltWithUnrealBuildTool|Win32
		{27D562CC-EE89-4011-A35E-1595F317F618}.Development Editor|Win64.ActiveCfg = BuiltWithUnrealBuildTool|Win32
		{27D562CC-EE89-4011-A35E-1595F317F618}.Development|Win32.ActiveCfg = BuiltWithUnrealBuildTool|Win32
		{27D562CC-EE89-4011-A35E-1595F317F618}.Development|Win64.ActiveCfg = BuiltWithUnrealBuildTool|Win32
		{27D562CC-EE89-4011-A35E-1595F317F618}.Shipping|Win32.ActiveCfg = BuiltWithUnrealBuildTool|Win32
		{27D562CC-EE89-4011-A35E-1595F317F618}.Shipping|Win64.ActiveCfg = BuiltWithUnrealBuildTool|Win32
		{336348A6-2737-4F59-AEC7-E33E75BC5101}.DebugGame Editor|Win32.ActiveCfg = Invalid|Win32
		{336348A6-2737-4F59-AEC7-E33E75BC5101}.DebugGame Editor|Win64.ActiveCfg = DebugGame_Editor|x64
		{336348A6-2737-4F59-AEC7-E33E75BC5101}.DebugGame Editor|Win64.Build.0 = DebugGame_Editor|x64
		{336348A6-2737-4F59-AEC7-E33E75BC5101}.DebugGame|Win32.ActiveCfg = DebugGame|Win32
		{336348A6-2737-4F59-AEC7-E33E75BC5101}.DebugGame|Win32.Build.0 = DebugGame|Win32
		{336348A6-2737-4F59-AEC7-E33E75BC5101}.DebugGame|Win64.ActiveCfg = DebugGame|x64
		{336348A6-2737-4F59-AEC7-E33E75BC5101}.DebugGame|Win64.Build.0 = DebugGame|x64
		{336348A6-2737-4F59-AEC7-E33E75BC5101}.Development Editor|Win32.ActiveCfg = Invalid|Win32
		{336348A6-2737-4F59-AEC7-E33E75BC5101}.Development Editor|Win64.ActiveCfg = Development_Editor|x64
		{336348A6-2737-4F59-AEC7-E33E75BC5101}.Development Editor|Win64.Build.0 = Development_Editor|x64
		{336348A6-2737-4F59-AEC7-E33E75BC5101}.Development|Win32.ActiveCfg = Development|Win32
		{336348A6-2737-4F59-AEC7-E33E75BC5101}.Development|Win32.Build.0 = Development|Win32
		{336348A6-2737-4F59-AEC7-E33E75BC5101}.Development|Win64.ActiveCfg = Development|x64
		{336348A6-2737-4F59-AEC7-E33E75BC5101}.Development|Win64.Build.0 = Development|x64
		{336348A6-2737-4F59-AEC7-E33E75BC5101}.Shipping|Win32.ActiveCfg = Shipping|Win32
		{336348A6-2737-4F59-AEC7-E33E75BC5101}.Shipping|Win32.Build.0 = Shipping|Win32
		{336348A6-2737-4F59-AEC7-E33E75BC5101}.Shipping|Win64.ActiveCfg = Shipping|x64
		{336348A6-2737-4F59-AEC7-E33E75BC5101}.Shipping|Win64.Build.0 = Shipping|x64
	EndGlobalSection
	GlobalSection(SolutionProperties) = preSolution
		HideSolutionNode = FALSE
	EndGlobalSection
	GlobalSection(NestedProjects) = preSolution
		{27D562CC-EE89-4011-A35E-1595F317F618} = {3C722CC5-F56E-4E81-96D0-0A0AB2839912}
		{336348A6-2737-4F59-AEC7-E33E75BC5101} = {25954B71-84B6-4765-B198-ADCBCD07E116}
	EndGlobalSection
EndGlobal
