
Microsoft Visual Studio Solution File, Format Version 12.00
# Visual Studio Version 16
VisualStudioVersion = 16.0.28315.86
MinimumVisualStudioVersion = 10.0.40219.1
Project("{2150E333-8FDC-42A3-9474-1A3956D46DE8}") = "Engine", "Engine", "{2FDA2410-61E9-4B37-9D4A-3D0009EC5768}"
EndProject
Project("{2150E333-8FDC-42A3-9474-1A3956D46DE8}") = "Games", "Games", "{4F518EAD-FE66-4776-9825-9CBEC98FD726}"
EndProject
Project("{8BC9CEB8-8B4A-11D0-8D11-00A0C91BC942}") = "UE4", "Intermediate\ProjectFiles\UE4.vcxproj", "{13728A8F-EF4F-422B-BB09-D4CD6DC5C974}"
EndProject
Project("{8BC9CEB8-8B4A-11D0-8D11-00A0C91BC942}") = "SpaceInvaders", "Intermediate\ProjectFiles\SpaceInvaders.vcxproj", "{957DA618-4DB6-4139-8823-241FD16971EF}"
EndProject
Project("{2150E333-8FDC-42A3-9474-1A3956D46DE8}") = "Visualizers", "Visualizers", "{FD2ABDE3-D5AC-4D3C-A2B9-C3705BB1EC4E}"
	ProjectSection(SolutionItems) = preProject
		..\..\..\..\..\Program Files\Epic Games\UE_4.24\Engine\Extras\VisualStudioDebugging\UE4.natvis = ..\..\..\..\..\Program Files\Epic Games\UE_4.24\Engine\Extras\VisualStudioDebugging\UE4.natvis
	EndProjectSection
EndProject
Global
	GlobalSection(SolutionConfigurationPlatforms) = preSolution
		DebugGame Editor|Win32 = DebugGame Editor|Win32
		DebugGame Editor|Win64 = DebugGame Editor|Win64
		DebugGame|Win32 = DebugGame|Win32
		DebugGame|Win64 = DebugGame|Win64
		Development Editor|Win32 = Development Editor|Win32
		Development Editor|Win64 = Development Editor|Win64
		Development|Win32 = Development|Win32
		Development|Win64 = Development|Win64
		Shipping|Win32 = Shipping|Win32
		Shipping|Win64 = Shipping|Win64
	EndGlobalSection
	GlobalSection(ProjectConfigurationPlatforms) = postSolution
		{13728A8F-EF4F-422B-BB09-D4CD6DC5C974}.DebugGame Editor|Win32.ActiveCfg = BuiltWithUnrealBuildTool|Win32
		{13728A8F-EF4F-422B-BB09-D4CD6DC5C974}.DebugGame Editor|Win64.ActiveCfg = BuiltWithUnrealBuildTool|Win32
		{13728A8F-EF4F-422B-BB09-D4CD6DC5C974}.DebugGame|Win32.ActiveCfg = BuiltWithUnrealBuildTool|Win32
		{13728A8F-EF4F-422B-BB09-D4CD6DC5C974}.DebugGame|Win64.ActiveCfg = BuiltWithUnrealBuildTool|Win32
		{13728A8F-EF4F-422B-BB09-D4CD6DC5C974}.Development Editor|Win32.ActiveCfg = BuiltWithUnrealBuildTool|Win32
		{13728A8F-EF4F-422B-BB09-D4CD6DC5C974}.Development Editor|Win64.ActiveCfg = BuiltWithUnrealBuildTool|Win32
		{13728A8F-EF4F-422B-BB09-D4CD6DC5C974}.Development|Win32.ActiveCfg = BuiltWithUnrealBuildTool|Win32
		{13728A8F-EF4F-422B-BB09-D4CD6DC5C974}.Development|Win64.ActiveCfg = BuiltWithUnrealBuildTool|Win32
		{13728A8F-EF4F-422B-BB09-D4CD6DC5C974}.Shipping|Win32.ActiveCfg = BuiltWithUnrealBuildTool|Win32
		{13728A8F-EF4F-422B-BB09-D4CD6DC5C974}.Shipping|Win64.ActiveCfg = BuiltWithUnrealBuildTool|Win32
		{957DA618-4DB6-4139-8823-241FD16971EF}.DebugGame Editor|Win32.ActiveCfg = Invalid|Win32
		{957DA618-4DB6-4139-8823-241FD16971EF}.DebugGame Editor|Win64.ActiveCfg = DebugGame_Editor|x64
		{957DA618-4DB6-4139-8823-241FD16971EF}.DebugGame Editor|Win64.Build.0 = DebugGame_Editor|x64
		{957DA618-4DB6-4139-8823-241FD16971EF}.DebugGame|Win32.ActiveCfg = DebugGame|Win32
		{957DA618-4DB6-4139-8823-241FD16971EF}.DebugGame|Win32.Build.0 = DebugGame|Win32
		{957DA618-4DB6-4139-8823-241FD16971EF}.DebugGame|Win64.ActiveCfg = DebugGame|x64
		{957DA618-4DB6-4139-8823-241FD16971EF}.DebugGame|Win64.Build.0 = DebugGame|x64
		{957DA618-4DB6-4139-8823-241FD16971EF}.Development Editor|Win32.ActiveCfg = Invalid|Win32
		{957DA618-4DB6-4139-8823-241FD16971EF}.Development Editor|Win64.ActiveCfg = Development_Editor|x64
		{957DA618-4DB6-4139-8823-241FD16971EF}.Development Editor|Win64.Build.0 = Development_Editor|x64
		{957DA618-4DB6-4139-8823-241FD16971EF}.Development|Win32.ActiveCfg = Development|Win32
		{957DA618-4DB6-4139-8823-241FD16971EF}.Development|Win32.Build.0 = Development|Win32
		{957DA618-4DB6-4139-8823-241FD16971EF}.Development|Win64.ActiveCfg = Development|x64
		{957DA618-4DB6-4139-8823-241FD16971EF}.Development|Win64.Build.0 = Development|x64
		{957DA618-4DB6-4139-8823-241FD16971EF}.Shipping|Win32.ActiveCfg = Shipping|Win32
		{957DA618-4DB6-4139-8823-241FD16971EF}.Shipping|Win32.Build.0 = Shipping|Win32
		{957DA618-4DB6-4139-8823-241FD16971EF}.Shipping|Win64.ActiveCfg = Shipping|x64
		{957DA618-4DB6-4139-8823-241FD16971EF}.Shipping|Win64.Build.0 = Shipping|x64
	EndGlobalSection
	GlobalSection(SolutionProperties) = preSolution
		HideSolutionNode = FALSE
	EndGlobalSection
	GlobalSection(NestedProjects) = preSolution
		{13728A8F-EF4F-422B-BB09-D4CD6DC5C974} = {2FDA2410-61E9-4B37-9D4A-3D0009EC5768}
		{957DA618-4DB6-4139-8823-241FD16971EF} = {4F518EAD-FE66-4776-9825-9CBEC98FD726}
	EndGlobalSection
EndGlobal
