
Microsoft Visual Studio Solution File, Format Version 12.00
# Visual Studio Version 16
VisualStudioVersion = 16.0.28315.86
MinimumVisualStudioVersion = 10.0.40219.1
Project("{2150E333-8FDC-42A3-9474-1A3956D46DE8}") = "Engine", "Engine", "{326F453E-AEFE-4861-9ABA-79BB70C032DF}"
EndProject
Project("{2150E333-8FDC-42A3-9474-1A3956D46DE8}") = "Games", "Games", "{C1A3989D-4377-4475-8058-3551263F29E6}"
EndProject
Project("{8BC9CEB8-8B4A-11D0-8D11-00A0C91BC942}") = "UE4", "Intermediate\ProjectFiles\UE4.vcxproj", "{CA3EF3AA-D689-4498-84EC-350727A2C28A}"
EndProject
Project("{8BC9CEB8-8B4A-11D0-8D11-00A0C91BC942}") = "SpaceInvaders", "Intermediate\ProjectFiles\SpaceInvaders.vcxproj", "{131A471A-74E5-4E96-A114-A6928178161E}"
EndProject
Project("{2150E333-8FDC-42A3-9474-1A3956D46DE8}") = "Visualizers", "Visualizers", "{BD0549C6-CF16-49D1-AE26-559EC8F00243}"
	ProjectSection(SolutionItems) = preProject
		..\..\..\..\..\Program Files\Epic Games\UE_4.24\Engine\Extras\VisualStudioDebugging\UE4.natvis = ..\..\..\..\..\Program Files\Epic Games\UE_4.24\Engine\Extras\VisualStudioDebugging\UE4.natvis
	EndProjectSection
EndProject
Global
	GlobalSection(SolutionConfigurationPlatforms) = preSolution
		DebugGame Editor|Win32 = DebugGame Editor|Win32
		DebugGame Editor|Win64 = DebugGame Editor|Win64
		DebugGame|Win32 = DebugGame|Win32
		DebugGame|Win64 = DebugGame|Win64
		Development Editor|Win32 = Development Editor|Win32
		Development Editor|Win64 = Development Editor|Win64
		Development|Win32 = Development|Win32
		Development|Win64 = Development|Win64
		Shipping|Win32 = Shipping|Win32
		Shipping|Win64 = Shipping|Win64
	EndGlobalSection
	GlobalSection(ProjectConfigurationPlatforms) = postSolution
		{CA3EF3AA-D689-4498-84EC-350727A2C28A}.DebugGame Editor|Win32.ActiveCfg = BuiltWithUnrealBuildTool|Win32
		{CA3EF3AA-D689-4498-84EC-350727A2C28A}.DebugGame Editor|Win64.ActiveCfg = BuiltWithUnrealBuildTool|Win32
		{CA3EF3AA-D689-4498-84EC-350727A2C28A}.DebugGame|Win32.ActiveCfg = BuiltWithUnrealBuildTool|Win32
		{CA3EF3AA-D689-4498-84EC-350727A2C28A}.DebugGame|Win64.ActiveCfg = BuiltWithUnrealBuildTool|Win32
		{CA3EF3AA-D689-4498-84EC-350727A2C28A}.Development Editor|Win32.ActiveCfg = BuiltWithUnrealBuildTool|Win32
		{CA3EF3AA-D689-4498-84EC-350727A2C28A}.Development Editor|Win64.ActiveCfg = BuiltWithUnrealBuildTool|Win32
		{CA3EF3AA-D689-4498-84EC-350727A2C28A}.Development|Win32.ActiveCfg = BuiltWithUnrealBuildTool|Win32
		{CA3EF3AA-D689-4498-84EC-350727A2C28A}.Development|Win64.ActiveCfg = BuiltWithUnrealBuildTool|Win32
		{CA3EF3AA-D689-4498-84EC-350727A2C28A}.Shipping|Win32.ActiveCfg = BuiltWithUnrealBuildTool|Win32
		{CA3EF3AA-D689-4498-84EC-350727A2C28A}.Shipping|Win64.ActiveCfg = BuiltWithUnrealBuildTool|Win32
		{131A471A-74E5-4E96-A114-A6928178161E}.DebugGame Editor|Win32.ActiveCfg = Invalid|Win32
		{131A471A-74E5-4E96-A114-A6928178161E}.DebugGame Editor|Win64.ActiveCfg = DebugGame_Editor|x64
		{131A471A-74E5-4E96-A114-A6928178161E}.DebugGame Editor|Win64.Build.0 = DebugGame_Editor|x64
		{131A471A-74E5-4E96-A114-A6928178161E}.DebugGame|Win32.ActiveCfg = DebugGame|Win32
		{131A471A-74E5-4E96-A114-A6928178161E}.DebugGame|Win32.Build.0 = DebugGame|Win32
		{131A471A-74E5-4E96-A114-A6928178161E}.DebugGame|Win64.ActiveCfg = DebugGame|x64
		{131A471A-74E5-4E96-A114-A6928178161E}.DebugGame|Win64.Build.0 = DebugGame|x64
		{131A471A-74E5-4E96-A114-A6928178161E}.Development Editor|Win32.ActiveCfg = Invalid|Win32
		{131A471A-74E5-4E96-A114-A6928178161E}.Development Editor|Win64.ActiveCfg = Development_Editor|x64
		{131A471A-74E5-4E96-A114-A6928178161E}.Development Editor|Win64.Build.0 = Development_Editor|x64
		{131A471A-74E5-4E96-A114-A6928178161E}.Development|Win32.ActiveCfg = Development|Win32
		{131A471A-74E5-4E96-A114-A6928178161E}.Development|Win32.Build.0 = Development|Win32
		{131A471A-74E5-4E96-A114-A6928178161E}.Development|Win64.ActiveCfg = Development|x64
		{131A471A-74E5-4E96-A114-A6928178161E}.Development|Win64.Build.0 = Development|x64
		{131A471A-74E5-4E96-A114-A6928178161E}.Shipping|Win32.ActiveCfg = Shipping|Win32
		{131A471A-74E5-4E96-A114-A6928178161E}.Shipping|Win32.Build.0 = Shipping|Win32
		{131A471A-74E5-4E96-A114-A6928178161E}.Shipping|Win64.ActiveCfg = Shipping|x64
		{131A471A-74E5-4E96-A114-A6928178161E}.Shipping|Win64.Build.0 = Shipping|x64
	EndGlobalSection
	GlobalSection(SolutionProperties) = preSolution
		HideSolutionNode = FALSE
	EndGlobalSection
	GlobalSection(NestedProjects) = preSolution
		{CA3EF3AA-D689-4498-84EC-350727A2C28A} = {326F453E-AEFE-4861-9ABA-79BB70C032DF}
		{131A471A-74E5-4E96-A114-A6928178161E} = {C1A3989D-4377-4475-8058-3551263F29E6}
	EndGlobalSection
EndGlobal
